
Microsoft Visual Studio Solution File, Format Version 12.00
# Visual Studio Version 16
VisualStudioVersion = 16.0.29509.3
MinimumVisualStudioVersion = 10.0.40219.1
Project("{8BC9CEB8-8B4A-11D0-8D11-00A0C91BC942}") = "Project4", "Project4\Project4.vcxproj", "{C0D0340B-3223-43E8-86CB-532252A52D57}"
EndProject
Global
	GlobalSection(SolutionConfigurationPlatforms) = preSolution
		Debug|x64 = Debug|x64
		Debug|x86 = Debug|x86
		Release|x64 = Release|x64
		Release|x86 = Release|x86
	EndGlobalSection
	GlobalSection(ProjectConfigurationPlatforms) = postSolution
		{C0D0340B-3223-43E8-86CB-532252A52D57}.Debug|x64.ActiveCfg = Debug|x64
		{C0D0340B-3223-43E8-86CB-532252A52D57}.Debug|x64.Build.0 = Debug|x64
		{C0D0340B-3223-43E8-86CB-532252A52D57}.Debug|x86.ActiveCfg = Debug|Win32
		{C0D0340B-3223-43E8-86CB-532252A52D57}.Debug|x86.Build.0 = Debug|Win32
		{C0D0340B-3223-43E8-86CB-532252A52D57}.Release|x64.ActiveCfg = Release|x64
		{C0D0340B-3223-43E8-86CB-532252A52D57}.Release|x64.Build.0 = Release|x64
		{C0D0340B-3223-43E8-86CB-532252A52D57}.Release|x86.ActiveCfg = Release|Win32
		{C0D0340B-3223-43E8-86CB-532252A52D57}.Release|x86.Build.0 = Release|Win32
	EndGlobalSection
	GlobalSection(SolutionProperties) = preSolution
		HideSolutionNode = FALSE
	EndGlobalSection
	GlobalSection(ExtensibilityGlobals) = postSolution
		SolutionGuid = {9E229E2F-A75B-4DFE-8A94-FA7AECAB4AC4}
	EndGlobalSection
EndGlobal
